
Microsoft Visual Studio Solution File, Format Version 12.00
# Visual Studio Version 17
VisualStudioVersion = 17.14.36203.30
MinimumVisualStudioVersion = 10.0.40219.1
Project("{FAE04EC0-301F-11D3-BF4B-00C04F79EFBC}") = "UrlShortener.Api", "src\UrlShortener.Api\UrlShortener.Api.csproj", "{1E65FA78-3ECB-1345-67C4-C8E04FBE8B6E}"
EndProject
Project("{2150E333-8FDC-42A3-9474-1A3956D46DE8}") = "src", "src", "{02EA681E-C7D8-13C7-8484-4AC65E1B71E8}"
EndProject
Project("{2150E333-8FDC-42A3-9474-1A3956D46DE8}") = "UrlShortener.Api", "UrlShortener.Api", "{BBE2F315-39B6-B80E-A62A-BF8EDDD3F809}"
EndProject
Project("{FAE04EC0-301F-11D3-BF4B-00C04F79EFBC}") = "UrlShortener.Application", "src\UrlShortener.Application\UrlShortener.Application.csproj", "{B1191DD7-6BB5-426F-8F4B-EC2314053FD2}"
EndProject
Global
	GlobalSection(SolutionConfigurationPlatforms) = preSolution
		Debug|Any CPU = Debug|Any CPU
		Debug|x64 = Debug|x64
		Debug|x86 = Debug|x86
		Release|Any CPU = Release|Any CPU
		Release|x64 = Release|x64
		Release|x86 = Release|x86
	EndGlobalSection
	GlobalSection(ProjectConfigurationPlatforms) = postSolution
		{1E65FA78-3ECB-1345-67C4-C8E04FBE8B6E}.Debug|Any CPU.ActiveCfg = Debug|Any CPU
		{1E65FA78-3ECB-1345-67C4-C8E04FBE8B6E}.Debug|Any CPU.Build.0 = Debug|Any CPU
		{1E65FA78-3ECB-1345-67C4-C8E04FBE8B6E}.Debug|x64.ActiveCfg = Debug|Any CPU
		{1E65FA78-3ECB-1345-67C4-C8E04FBE8B6E}.Debug|x64.Build.0 = Debug|Any CPU
		{1E65FA78-3ECB-1345-67C4-C8E04FBE8B6E}.Debug|x86.ActiveCfg = Debug|Any CPU
		{1E65FA78-3ECB-1345-67C4-C8E04FBE8B6E}.Debug|x86.Build.0 = Debug|Any CPU
		{1E65FA78-3ECB-1345-67C4-C8E04FBE8B6E}.Release|Any CPU.ActiveCfg = Release|Any CPU
		{1E65FA78-3ECB-1345-67C4-C8E04FBE8B6E}.Release|Any CPU.Build.0 = Release|Any CPU
		{1E65FA78-3ECB-1345-67C4-C8E04FBE8B6E}.Release|x64.ActiveCfg = Release|Any CPU
		{1E65FA78-3ECB-1345-67C4-C8E04FBE8B6E}.Release|x64.Build.0 = Release|Any CPU
		{1E65FA78-3ECB-1345-67C4-C8E04FBE8B6E}.Release|x86.ActiveCfg = Release|Any CPU
		{1E65FA78-3ECB-1345-67C4-C8E04FBE8B6E}.Release|x86.Build.0 = Release|Any CPU
		{B1191DD7-6BB5-426F-8F4B-EC2314053FD2}.Debug|Any CPU.ActiveCfg = Debug|Any CPU
		{B1191DD7-6BB5-426F-8F4B-EC2314053FD2}.Debug|Any CPU.Build.0 = Debug|Any CPU
		{B1191DD7-6BB5-426F-8F4B-EC2314053FD2}.Debug|x64.ActiveCfg = Debug|Any CPU
		{B1191DD7-6BB5-426F-8F4B-EC2314053FD2}.Debug|x64.Build.0 = Debug|Any CPU
		{B1191DD7-6BB5-426F-8F4B-EC2314053FD2}.Debug|x86.ActiveCfg = Debug|Any CPU
		{B1191DD7-6BB5-426F-8F4B-EC2314053FD2}.Debug|x86.Build.0 = Debug|Any CPU
		{B1191DD7-6BB5-426F-8F4B-EC2314053FD2}.Release|Any CPU.ActiveCfg = Release|Any CPU
		{B1191DD7-6BB5-426F-8F4B-EC2314053FD2}.Release|Any CPU.Build.0 = Release|Any CPU
		{B1191DD7-6BB5-426F-8F4B-EC2314053FD2}.Release|x64.ActiveCfg = Release|Any CPU
		{B1191DD7-6BB5-426F-8F4B-EC2314053FD2}.Release|x64.Build.0 = Release|Any CPU
		{B1191DD7-6BB5-426F-8F4B-EC2314053FD2}.Release|x86.ActiveCfg = Release|Any CPU
		{B1191DD7-6BB5-426F-8F4B-EC2314053FD2}.Release|x86.Build.0 = Release|Any CPU
	EndGlobalSection
	GlobalSection(SolutionProperties) = preSolution
		HideSolutionNode = FALSE
	EndGlobalSection
	GlobalSection(NestedProjects) = preSolution
		{1E65FA78-3ECB-1345-67C4-C8E04FBE8B6E} = {02EA681E-C7D8-13C7-8484-4AC65E1B71E8}
		{BBE2F315-39B6-B80E-A62A-BF8EDDD3F809} = {02EA681E-C7D8-13C7-8484-4AC65E1B71E8}
		{B1191DD7-6BB5-426F-8F4B-EC2314053FD2} = {02EA681E-C7D8-13C7-8484-4AC65E1B71E8}
	EndGlobalSection
	GlobalSection(ExtensibilityGlobals) = postSolution
		SolutionGuid = {4DDAC333-6A61-41B4-B218-307996A7094A}
	EndGlobalSection
EndGlobal
